// !$*UTF8*$!
{
	archiveVersion = 1;
	classes = {
	};
	objectVersion = 46;
	objects = {

/* Begin PBXBuildFile section */
		0124D3A7196F67CF00A8D731 /* Foundation.framework in Frameworks */ = {isa = PBXBuildFile; fileRef = 0124D3A6196F67CF00A8D731 /* Foundation.framework */; };
		0124D3A9196F67CF00A8D731 /* CoreGraphics.framework in Frameworks */ = {isa = PBXBuildFile; fileRef = 0124D3A8196F67CF00A8D731 /* CoreGraphics.framework */; };
		0124D3AB196F67CF00A8D731 /* UIKit.framework in Frameworks */ = {isa = PBXBuildFile; fileRef = 0124D3AA196F67CF00A8D731 /* UIKit.framework */; };
		0124D3B1196F67CF00A8D731 /* InfoPlist.strings in Resources */ = {isa = PBXBuildFile; fileRef = 0124D3AF196F67CF00A8D731 /* InfoPlist.strings */; };
		0124D3B3196F67CF00A8D731 /* main.m in Sources */ = {isa = PBXBuildFile; fileRef = 0124D3B2196F67CF00A8D731 /* main.m */; };
		0124D3B7196F67CF00A8D731 /* AppDelegate.m in Sources */ = {isa = PBXBuildFile; fileRef = 0124D3B6196F67CF00A8D731 /* AppDelegate.m */; };
		0124D3BA196F67CF00A8D731 /* Main.storyboard in Resources */ = {isa = PBXBuildFile; fileRef = 0124D3B8196F67CF00A8D731 /* Main.storyboard */; };
		0124D3BF196F67CF00A8D731 /* Images.xcassets in Resources */ = {isa = PBXBuildFile; fileRef = 0124D3BE196F67CF00A8D731 /* Images.xcassets */; };
		0124D3C6196F67CF00A8D731 /* XCTest.framework in Frameworks */ = {isa = PBXBuildFile; fileRef = 0124D3C5196F67CF00A8D731 /* XCTest.framework */; };
		0124D3C7196F67CF00A8D731 /* Foundation.framework in Frameworks */ = {isa = PBXBuildFile; fileRef = 0124D3A6196F67CF00A8D731 /* Foundation.framework */; };
		0124D3C8196F67CF00A8D731 /* UIKit.framework in Frameworks */ = {isa = PBXBuildFile; fileRef = 0124D3AA196F67CF00A8D731 /* UIKit.framework */; };
		0124D3D0196F67CF00A8D731 /* InfoPlist.strings in Resources */ = {isa = PBXBuildFile; fileRef = 0124D3CE196F67CF00A8D731 /* InfoPlist.strings */; };
		0124D3D2196F67CF00A8D731 /* TRIOS_MOBILE_DEMO_2Tests.m in Sources */ = {isa = PBXBuildFile; fileRef = 0124D3D1196F67CF00A8D731 /* TRIOS_MOBILE_DEMO_2Tests.m */; };
		0124D3DD196F6CA700A8D731 /* TriosInstrumentCell.m in Sources */ = {isa = PBXBuildFile; fileRef = 0124D3DC196F6CA700A8D731 /* TriosInstrumentCell.m */; };
		0124D3E0196F6D4F00A8D731 /* TriosCollectionViewController.m in Sources */ = {isa = PBXBuildFile; fileRef = 0124D3DF196F6D4F00A8D731 /* TriosCollectionViewController.m */; };
		0124D3F4196F707C00A8D731 /* ar.png in Resources */ = {isa = PBXBuildFile; fileRef = 0124D3E2196F707C00A8D731 /* ar.png */; };
		0124D3F5196F707C00A8D731 /* AR1500ex.png in Resources */ = {isa = PBXBuildFile; fileRef = 0124D3E3196F707C00A8D731 /* AR1500ex.png */; };
		0124D3F6196F707C00A8D731 /* ar2000.png in Resources */ = {isa = PBXBuildFile; fileRef = 0124D3E4196F707C00A8D731 /* ar2000.png */; };
		0124D3F7196F707C00A8D731 /* ares.png in Resources */ = {isa = PBXBuildFile; fileRef = 0124D3E5196F707C00A8D731 /* ares.png */; };
		0124D3F8196F707C00A8D731 /* ARESG2.PNG in Resources */ = {isa = PBXBuildFile; fileRef = 0124D3E6196F707C00A8D731 /* ARESG2.PNG */; };
		0124D3F9196F707C00A8D731 /* ARESG21.PNG in Resources */ = {isa = PBXBuildFile; fileRef = 0124D3E7196F707C00A8D731 /* ARESG21.PNG */; };
		0124D3FA196F707C00A8D731 /* arg2.gif in Resources */ = {isa = PBXBuildFile; fileRef = 0124D3E8196F707C00A8D731 /* arg2.gif */; };
		0124D3FB196F707C00A8D731 /* BricoPack Wallpaper.bmp in Resources */ = {isa = PBXBuildFile; fileRef = 0124D3E9196F707C00A8D731 /* BricoPack Wallpaper.bmp */; };
		0124D3FC196F707C00A8D731 /* dhr.png in Resources */ = {isa = PBXBuildFile; fileRef = 0124D3EA196F707C00A8D731 /* dhr.png */; };
		0124D3FD196F707C00A8D731 /* disc_dsc.png in Resources */ = {isa = PBXBuildFile; fileRef = 0124D3EB196F707C00A8D731 /* disc_dsc.png */; };
		0124D3FE196F707C00A8D731 /* Glass (g).png in Resources */ = {isa = PBXBuildFile; fileRef = 0124D3EC196F707C00A8D731 /* Glass (g).png */; };
		0124D3FF196F707C00A8D731 /* Glass (i).png in Resources */ = {isa = PBXBuildFile; fileRef = 0124D3ED196F707C00A8D731 /* Glass (i).png */; };
		0124D400196F707C00A8D731 /* Glass (r).PNG in Resources */ = {isa = PBXBuildFile; fileRef = 0124D3EE196F707C00A8D731 /* Glass (r).PNG */; };
		0124D401196F707C00A8D731 /* Glass (s).png in Resources */ = {isa = PBXBuildFile; fileRef = 0124D3EF196F707C00A8D731 /* Glass (s).png */; };
		0124D402196F707C00A8D731 /* GlassUsed.PNG in Resources */ = {isa = PBXBuildFile; fileRef = 0124D3F0196F707C00A8D731 /* GlassUsed.PNG */; };
		0124D403196F707C00A8D731 /* MERCURYDSC.png in Resources */ = {isa = PBXBuildFile; fileRef = 0124D3F1196F707C00A8D731 /* MERCURYDSC.png */; };
		0124D404196F707C00A8D731 /* NGTGA.png in Resources */ = {isa = PBXBuildFile; fileRef = 0124D3F2196F707C00A8D731 /* NGTGA.png */; };
		0124D405196F707C00A8D731 /* rsa.png in Resources */ = {isa = PBXBuildFile; fileRef = 0124D3F3196F707C00A8D731 /* rsa.png */; };
		0124D408196F7DC700A8D731 /* MainMenuViewController.m in Sources */ = {isa = PBXBuildFile; fileRef = 0124D407196F7DC700A8D731 /* MainMenuViewController.m */; };
		0124D41A196F8C1C00A8D731 /* MethodsViewController.m in Sources */ = {isa = PBXBuildFile; fileRef = 0124D419196F8C1C00A8D731 /* MethodsViewController.m */; };
		013A356F1AE3F3D4003EDAAB /* ShinobiCharts.framework in Frameworks */ = {isa = PBXBuildFile; fileRef = 013A356E1AE3F3D4003EDAAB /* ShinobiCharts.framework */; };
		0170FB211971A0210077F2A7 /* SignalChoiceViewController.m in Sources */ = {isa = PBXBuildFile; fileRef = 0170FB201971A0210077F2A7 /* SignalChoiceViewController.m */; };
		01797E4B196FF1E4009331BC /* ConnectPopoverViewController.m in Sources */ = {isa = PBXBuildFile; fileRef = 01797E4A196FF1E4009331BC /* ConnectPopoverViewController.m */; };
		0192DA8B1970C99100A073F0 /* home.png in Resources */ = {isa = PBXBuildFile; fileRef = 0192DA8A1970C99100A073F0 /* home.png */; };
		0192DA8F1970CA0700A073F0 /* signals.png in Resources */ = {isa = PBXBuildFile; fileRef = 0192DA8E1970CA0700A073F0 /* signals.png */; };
		0192DA911970CA3D00A073F0 /* utilities.png in Resources */ = {isa = PBXBuildFile; fileRef = 0192DA901970CA3D00A073F0 /* utilities.png */; };
		0192DA931970CA6200A073F0 /* as.png in Resources */ = {isa = PBXBuildFile; fileRef = 0192DA921970CA6200A073F0 /* as.png */; };
		0192DA951970CA8000A073F0 /* info.png in Resources */ = {isa = PBXBuildFile; fileRef = 0192DA941970CA8000A073F0 /* info.png */; };
		0192DA971970CABC00A073F0 /* settings.png in Resources */ = {isa = PBXBuildFile; fileRef = 0192DA961970CABC00A073F0 /* settings.png */; };
		01DA3F0F1975DA3C006ADFB7 /* QuartzCore.framework in Frameworks */ = {isa = PBXBuildFile; fileRef = 01DA3F0E1975DA3C006ADFB7 /* QuartzCore.framework */; };
		01DA3F111975DA49006ADFB7 /* OpenGLES.framework in Frameworks */ = {isa = PBXBuildFile; fileRef = 01DA3F101975DA49006ADFB7 /* OpenGLES.framework */; };
		01DA3F131975DA5B006ADFB7 /* CoreText.framework in Frameworks */ = {isa = PBXBuildFile; fileRef = 01DA3F121975DA5B006ADFB7 /* CoreText.framework */; };
		01DA3F151975DA6B006ADFB7 /* libstdc++.dylib in Frameworks */ = {isa = PBXBuildFile; fileRef = 01DA3F141975DA6B006ADFB7 /* libstdc++.dylib */; };
		01DA3F181975DD6A006ADFB7 /* DataViewController.m in Sources */ = {isa = PBXBuildFile; fileRef = 01DA3F171975DD6A006ADFB7 /* DataViewController.m */; };
		01DA3F1A19768717006ADFB7 /* Security.framework in Frameworks */ = {isa = PBXBuildFile; fileRef = 01DA3F1919768717006ADFB7 /* Security.framework */; };
		01DA3F1F19768848006ADFB7 /* MercuryStatus.m in Sources */ = {isa = PBXBuildFile; fileRef = 01DA3F1C19768848006ADFB7 /* MercuryStatus.m */; };
		01DA3F2019768848006ADFB7 /* MercuryFile.m in Sources */ = {isa = PBXBuildFile; fileRef = 01DA3F1E19768848006ADFB7 /* MercuryFile.m */; };
		7302F38519717F9B00D90E11 /* MercuryInstrument.m in Sources */ = {isa = PBXBuildFile; fileRef = 7302F38419717F9B00D90E11 /* MercuryInstrument.m */; };
		7302F3881971804A00D90E11 /* MercuryProcedure.m in Sources */ = {isa = PBXBuildFile; fileRef = 7302F3871971804A00D90E11 /* MercuryProcedure.m */; };
		7302F38B1971976300D90E11 /* SignalViewController.m in Sources */ = {isa = PBXBuildFile; fileRef = 7302F38A1971976300D90E11 /* SignalViewController.m */; };
		73A9ED7D197C0935009FB575 /* ProgressHUD.bundle in Resources */ = {isa = PBXBuildFile; fileRef = 73A9ED7A197C0935009FB575 /* ProgressHUD.bundle */; };
		73A9ED7E197C0935009FB575 /* ProgressHUD.m in Sources */ = {isa = PBXBuildFile; fileRef = 73A9ED7C197C0935009FB575 /* ProgressHUD.m */; };
		A19A0F5EC0AD4002B06DE4A3 /* libPods.a in Frameworks */ = {isa = PBXBuildFile; fileRef = 31E846662B5944999CBF1AE3 /* libPods.a */; };
/* End PBXBuildFile section */

/* Begin PBXContainerItemProxy section */
		0124D3C9196F67CF00A8D731 /* PBXContainerItemProxy */ = {
			isa = PBXContainerItemProxy;
			containerPortal = 0124D39B196F67CF00A8D731 /* Project object */;
			proxyType = 1;
			remoteGlobalIDString = 0124D3A2196F67CF00A8D731;
			remoteInfo = "TRIOS-MOBILE-DEMO-2";
		};
/* End PBXContainerItemProxy section */

/* Begin PBXFileReference section */
		0124D3A3196F67CF00A8D731 /* TRIOS-MOBILE-DEMO-2.app */ = {isa = PBXFileReference; explicitFileType = wrapper.application; includeInIndex = 0; path = "TRIOS-MOBILE-DEMO-2.app"; sourceTree = BUILT_PRODUCTS_DIR; };
		0124D3A6196F67CF00A8D731 /* Foundation.framework */ = {isa = PBXFileReference; lastKnownFileType = wrapper.framework; name = Foundation.framework; path = System/Library/Frameworks/Foundation.framework; sourceTree = SDKROOT; };
		0124D3A8196F67CF00A8D731 /* CoreGraphics.framework */ = {isa = PBXFileReference; lastKnownFileType = wrapper.framework; name = CoreGraphics.framework; path = System/Library/Frameworks/CoreGraphics.framework; sourceTree = SDKROOT; };
		0124D3AA196F67CF00A8D731 /* UIKit.framework */ = {isa = PBXFileReference; lastKnownFileType = wrapper.framework; name = UIKit.framework; path = System/Library/Frameworks/UIKit.framework; sourceTree = SDKROOT; };
		0124D3AE196F67CF00A8D731 /* TRIOS-MOBILE-DEMO-2-Info.plist */ = {isa = PBXFileReference; lastKnownFileType = text.plist.xml; path = "TRIOS-MOBILE-DEMO-2-Info.plist"; sourceTree = "<group>"; };
		0124D3B0196F67CF00A8D731 /* en */ = {isa = PBXFileReference; lastKnownFileType = text.plist.strings; name = en; path = en.lproj/InfoPlist.strings; sourceTree = "<group>"; };
		0124D3B2196F67CF00A8D731 /* main.m */ = {isa = PBXFileReference; lastKnownFileType = sourcecode.c.objc; path = main.m; sourceTree = "<group>"; };
		0124D3B4196F67CF00A8D731 /* TRIOS-MOBILE-DEMO-2-Prefix.pch */ = {isa = PBXFileReference; lastKnownFileType = sourcecode.c.h; path = "TRIOS-MOBILE-DEMO-2-Prefix.pch"; sourceTree = "<group>"; };
		0124D3B5196F67CF00A8D731 /* AppDelegate.h */ = {isa = PBXFileReference; lastKnownFileType = sourcecode.c.h; path = AppDelegate.h; sourceTree = "<group>"; };
		0124D3B6196F67CF00A8D731 /* AppDelegate.m */ = {isa = PBXFileReference; lastKnownFileType = sourcecode.c.objc; path = AppDelegate.m; sourceTree = "<group>"; };
		0124D3B9196F67CF00A8D731 /* Base */ = {isa = PBXFileReference; lastKnownFileType = file.storyboard; name = Base; path = Base.lproj/Main.storyboard; sourceTree = "<group>"; };
		0124D3BE196F67CF00A8D731 /* Images.xcassets */ = {isa = PBXFileReference; lastKnownFileType = folder.assetcatalog; path = Images.xcassets; sourceTree = "<group>"; };
		0124D3C4196F67CF00A8D731 /* TRIOS-MOBILE-DEMO-2Tests.xctest */ = {isa = PBXFileReference; explicitFileType = wrapper.cfbundle; includeInIndex = 0; path = "TRIOS-MOBILE-DEMO-2Tests.xctest"; sourceTree = BUILT_PRODUCTS_DIR; };
		0124D3C5196F67CF00A8D731 /* XCTest.framework */ = {isa = PBXFileReference; lastKnownFileType = wrapper.framework; name = XCTest.framework; path = Library/Frameworks/XCTest.framework; sourceTree = DEVELOPER_DIR; };
		0124D3CD196F67CF00A8D731 /* TRIOS-MOBILE-DEMO-2Tests-Info.plist */ = {isa = PBXFileReference; lastKnownFileType = text.plist.xml; path = "TRIOS-MOBILE-DEMO-2Tests-Info.plist"; sourceTree = "<group>"; };
		0124D3CF196F67CF00A8D731 /* en */ = {isa = PBXFileReference; lastKnownFileType = text.plist.strings; name = en; path = en.lproj/InfoPlist.strings; sourceTree = "<group>"; };
		0124D3D1196F67CF00A8D731 /* TRIOS_MOBILE_DEMO_2Tests.m */ = {isa = PBXFileReference; lastKnownFileType = sourcecode.c.objc; path = TRIOS_MOBILE_DEMO_2Tests.m; sourceTree = "<group>"; };
		0124D3DB196F6CA700A8D731 /* TriosInstrumentCell.h */ = {isa = PBXFileReference; fileEncoding = 4; lastKnownFileType = sourcecode.c.h; path = TriosInstrumentCell.h; sourceTree = "<group>"; };
		0124D3DC196F6CA700A8D731 /* TriosInstrumentCell.m */ = {isa = PBXFileReference; fileEncoding = 4; lastKnownFileType = sourcecode.c.objc; path = TriosInstrumentCell.m; sourceTree = "<group>"; };
		0124D3DE196F6D4F00A8D731 /* TriosCollectionViewController.h */ = {isa = PBXFileReference; fileEncoding = 4; lastKnownFileType = sourcecode.c.h; name = TriosCollectionViewController.h; path = ../TriosCollectionViewController.h; sourceTree = "<group>"; };
		0124D3DF196F6D4F00A8D731 /* TriosCollectionViewController.m */ = {isa = PBXFileReference; fileEncoding = 4; lastKnownFileType = sourcecode.c.objc; name = TriosCollectionViewController.m; path = ../TriosCollectionViewController.m; sourceTree = "<group>"; };
		0124D3E2196F707C00A8D731 /* ar.png */ = {isa = PBXFileReference; lastKnownFileType = image.png; path = ar.png; sourceTree = "<group>"; };
		0124D3E3196F707C00A8D731 /* AR1500ex.png */ = {isa = PBXFileReference; lastKnownFileType = image.png; path = AR1500ex.png; sourceTree = "<group>"; };
		0124D3E4196F707C00A8D731 /* ar2000.png */ = {isa = PBXFileReference; lastKnownFileType = image.png; path = ar2000.png; sourceTree = "<group>"; };
		0124D3E5196F707C00A8D731 /* ares.png */ = {isa = PBXFileReference; lastKnownFileType = image.png; path = ares.png; sourceTree = "<group>"; };
		0124D3E6196F707C00A8D731 /* ARESG2.PNG */ = {isa = PBXFileReference; lastKnownFileType = image.png; path = ARESG2.PNG; sourceTree = "<group>"; };
		0124D3E7196F707C00A8D731 /* ARESG21.PNG */ = {isa = PBXFileReference; lastKnownFileType = image.png; path = ARESG21.PNG; sourceTree = "<group>"; };
		0124D3E8196F707C00A8D731 /* arg2.gif */ = {isa = PBXFileReference; lastKnownFileType = image.gif; path = arg2.gif; sourceTree = "<group>"; };
		0124D3E9196F707C00A8D731 /* BricoPack Wallpaper.bmp */ = {isa = PBXFileReference; lastKnownFileType = image.bmp; path = "BricoPack Wallpaper.bmp"; sourceTree = "<group>"; };
		0124D3EA196F707C00A8D731 /* dhr.png */ = {isa = PBXFileReference; lastKnownFileType = image.png; path = dhr.png; sourceTree = "<group>"; };
		0124D3EB196F707C00A8D731 /* disc_dsc.png */ = {isa = PBXFileReference; lastKnownFileType = image.png; path = disc_dsc.png; sourceTree = "<group>"; };
		0124D3EC196F707C00A8D731 /* Glass (g).png */ = {isa = PBXFileReference; lastKnownFileType = image.png; path = "Glass (g).png"; sourceTree = "<group>"; };
		0124D3ED196F707C00A8D731 /* Glass (i).png */ = {isa = PBXFileReference; lastKnownFileType = image.png; path = "Glass (i).png"; sourceTree = "<group>"; };
		0124D3EE196F707C00A8D731 /* Glass (r).PNG */ = {isa = PBXFileReference; lastKnownFileType = image.png; path = "Glass (r).PNG"; sourceTree = "<group>"; };
		0124D3EF196F707C00A8D731 /* Glass (s).png */ = {isa = PBXFileReference; lastKnownFileType = image.png; path = "Glass (s).png"; sourceTree = "<group>"; };
		0124D3F0196F707C00A8D731 /* GlassUsed.PNG */ = {isa = PBXFileReference; lastKnownFileType = image.png; path = GlassUsed.PNG; sourceTree = "<group>"; };
		0124D3F1196F707C00A8D731 /* MERCURYDSC.png */ = {isa = PBXFileReference; lastKnownFileType = image.png; path = MERCURYDSC.png; sourceTree = "<group>"; };
		0124D3F2196F707C00A8D731 /* NGTGA.png */ = {isa = PBXFileReference; lastKnownFileType = image.png; path = NGTGA.png; sourceTree = "<group>"; };
		0124D3F3196F707C00A8D731 /* rsa.png */ = {isa = PBXFileReference; lastKnownFileType = image.png; path = rsa.png; sourceTree = "<group>"; };
		0124D406196F7DC700A8D731 /* MainMenuViewController.h */ = {isa = PBXFileReference; fileEncoding = 4; lastKnownFileType = sourcecode.c.h; path = MainMenuViewController.h; sourceTree = "<group>"; };
		0124D407196F7DC700A8D731 /* MainMenuViewController.m */ = {isa = PBXFileReference; fileEncoding = 4; lastKnownFileType = sourcecode.c.objc; path = MainMenuViewController.m; sourceTree = "<group>"; };
		0124D418196F8C1C00A8D731 /* MethodsViewController.h */ = {isa = PBXFileReference; fileEncoding = 4; lastKnownFileType = sourcecode.c.h; path = MethodsViewController.h; sourceTree = "<group>"; };
		0124D419196F8C1C00A8D731 /* MethodsViewController.m */ = {isa = PBXFileReference; fileEncoding = 4; lastKnownFileType = sourcecode.c.objc; path = MethodsViewController.m; sourceTree = "<group>"; };
		013A356E1AE3F3D4003EDAAB /* ShinobiCharts.framework */ = {isa = PBXFileReference; lastKnownFileType = wrapper.framework; name = ShinobiCharts.framework; path = ../../Desktop/desktop/ShinobiCharts/ShinobiCharts.framework; sourceTree = "<group>"; };
		0170FB1F1971A0210077F2A7 /* SignalChoiceViewController.h */ = {isa = PBXFileReference; fileEncoding = 4; lastKnownFileType = sourcecode.c.h; path = SignalChoiceViewController.h; sourceTree = "<group>"; };
		0170FB201971A0210077F2A7 /* SignalChoiceViewController.m */ = {isa = PBXFileReference; fileEncoding = 4; lastKnownFileType = sourcecode.c.objc; path = SignalChoiceViewController.m; sourceTree = "<group>"; };
		01797E49196FF1E4009331BC /* ConnectPopoverViewController.h */ = {isa = PBXFileReference; fileEncoding = 4; lastKnownFileType = sourcecode.c.h; path = ConnectPopoverViewController.h; sourceTree = "<group>"; };
		01797E4A196FF1E4009331BC /* ConnectPopoverViewController.m */ = {isa = PBXFileReference; fileEncoding = 4; lastKnownFileType = sourcecode.c.objc; path = ConnectPopoverViewController.m; sourceTree = "<group>"; };
		0192DA8A1970C99100A073F0 /* home.png */ = {isa = PBXFileReference; lastKnownFileType = image.png; path = home.png; sourceTree = "<group>"; };
		0192DA8E1970CA0700A073F0 /* signals.png */ = {isa = PBXFileReference; lastKnownFileType = image.png; path = signals.png; sourceTree = "<group>"; };
		0192DA901970CA3D00A073F0 /* utilities.png */ = {isa = PBXFileReference; lastKnownFileType = image.png; path = utilities.png; sourceTree = "<group>"; };
		0192DA921970CA6200A073F0 /* as.png */ = {isa = PBXFileReference; lastKnownFileType = image.png; path = as.png; sourceTree = "<group>"; };
		0192DA941970CA8000A073F0 /* info.png */ = {isa = PBXFileReference; lastKnownFileType = image.png; path = info.png; sourceTree = "<group>"; };
		0192DA961970CABC00A073F0 /* settings.png */ = {isa = PBXFileReference; lastKnownFileType = image.png; path = settings.png; sourceTree = "<group>"; };
		01DA3F0C1975DA30006ADFB7 /* ShinobiCharts.framework */ = {isa = PBXFileReference; lastKnownFileType = wrapper.framework; name = ShinobiCharts.framework; path = Library/Frameworks/ShinobiCharts.framework; sourceTree = DEVELOPER_DIR; };
		01DA3F0E1975DA3C006ADFB7 /* QuartzCore.framework */ = {isa = PBXFileReference; lastKnownFileType = wrapper.framework; name = QuartzCore.framework; path = System/Library/Frameworks/QuartzCore.framework; sourceTree = SDKROOT; };
		01DA3F101975DA49006ADFB7 /* OpenGLES.framework */ = {isa = PBXFileReference; lastKnownFileType = wrapper.framework; name = OpenGLES.framework; path = System/Library/Frameworks/OpenGLES.framework; sourceTree = SDKROOT; };
		01DA3F121975DA5B006ADFB7 /* CoreText.framework */ = {isa = PBXFileReference; lastKnownFileType = wrapper.framework; name = CoreText.framework; path = System/Library/Frameworks/CoreText.framework; sourceTree = SDKROOT; };
		01DA3F141975DA6B006ADFB7 /* libstdc++.dylib */ = {isa = PBXFileReference; lastKnownFileType = "compiled.mach-o.dylib"; name = "libstdc++.dylib"; path = "usr/lib/libstdc++.dylib"; sourceTree = SDKROOT; };
		01DA3F161975DD6A006ADFB7 /* DataViewController.h */ = {isa = PBXFileReference; fileEncoding = 4; lastKnownFileType = sourcecode.c.h; path = DataViewController.h; sourceTree = "<group>"; };
		01DA3F171975DD6A006ADFB7 /* DataViewController.m */ = {isa = PBXFileReference; fileEncoding = 4; lastKnownFileType = sourcecode.c.objc; path = DataViewController.m; sourceTree = "<group>"; };
		01DA3F1919768717006ADFB7 /* Security.framework */ = {isa = PBXFileReference; lastKnownFileType = wrapper.framework; name = Security.framework; path = System/Library/Frameworks/Security.framework; sourceTree = SDKROOT; };
		01DA3F1B19768848006ADFB7 /* MercuryStatus.h */ = {isa = PBXFileReference; fileEncoding = 4; lastKnownFileType = sourcecode.c.h; path = MercuryStatus.h; sourceTree = "<group>"; };
		01DA3F1C19768848006ADFB7 /* MercuryStatus.m */ = {isa = PBXFileReference; fileEncoding = 4; lastKnownFileType = sourcecode.c.objc; path = MercuryStatus.m; sourceTree = "<group>"; };
		01DA3F1D19768848006ADFB7 /* MercuryFile.h */ = {isa = PBXFileReference; fileEncoding = 4; lastKnownFileType = sourcecode.c.h; path = MercuryFile.h; sourceTree = "<group>"; };
		01DA3F1E19768848006ADFB7 /* MercuryFile.m */ = {isa = PBXFileReference; fileEncoding = 4; lastKnownFileType = sourcecode.c.objc; path = MercuryFile.m; sourceTree = "<group>"; };
		31E846662B5944999CBF1AE3 /* libPods.a */ = {isa = PBXFileReference; explicitFileType = archive.ar; includeInIndex = 0; path = libPods.a; sourceTree = BUILT_PRODUCTS_DIR; };
		6AF3903D23D515D1993FA065 /* Pods.debug.xcconfig */ = {isa = PBXFileReference; includeInIndex = 1; lastKnownFileType = text.xcconfig; name = Pods.debug.xcconfig; path = "Pods/Target Support Files/Pods/Pods.debug.xcconfig"; sourceTree = "<group>"; };
		7302F38319717F9B00D90E11 /* MercuryInstrument.h */ = {isa = PBXFileReference; fileEncoding = 4; lastKnownFileType = sourcecode.c.h; path = MercuryInstrument.h; sourceTree = "<group>"; };
		7302F38419717F9B00D90E11 /* MercuryInstrument.m */ = {isa = PBXFileReference; fileEncoding = 4; lastKnownFileType = sourcecode.c.objc; path = MercuryInstrument.m; sourceTree = "<group>"; };
		7302F3861971804A00D90E11 /* MercuryProcedure.h */ = {isa = PBXFileReference; fileEncoding = 4; lastKnownFileType = sourcecode.c.h; path = MercuryProcedure.h; sourceTree = "<group>"; };
		7302F3871971804A00D90E11 /* MercuryProcedure.m */ = {isa = PBXFileReference; fileEncoding = 4; lastKnownFileType = sourcecode.c.objc; path = MercuryProcedure.m; sourceTree = "<group>"; };
		7302F3891971976300D90E11 /* SignalViewController.h */ = {isa = PBXFileReference; fileEncoding = 4; lastKnownFileType = sourcecode.c.h; path = SignalViewController.h; sourceTree = "<group>"; };
		7302F38A1971976300D90E11 /* SignalViewController.m */ = {isa = PBXFileReference; fileEncoding = 4; lastKnownFileType = sourcecode.c.objc; path = SignalViewController.m; sourceTree = "<group>"; };
		73A9ED7A197C0935009FB575 /* ProgressHUD.bundle */ = {isa = PBXFileReference; lastKnownFileType = "wrapper.plug-in"; path = ProgressHUD.bundle; sourceTree = "<group>"; };
		73A9ED7B197C0935009FB575 /* ProgressHUD.h */ = {isa = PBXFileReference; fileEncoding = 4; lastKnownFileType = sourcecode.c.h; path = ProgressHUD.h; sourceTree = "<group>"; };
		73A9ED7C197C0935009FB575 /* ProgressHUD.m */ = {isa = PBXFileReference; fileEncoding = 4; lastKnownFileType = sourcecode.c.objc; path = ProgressHUD.m; sourceTree = "<group>"; };
		BC2488A9E4A7A9D8D1A83E63 /* Pods.release.xcconfig */ = {isa = PBXFileReference; includeInIndex = 1; lastKnownFileType = text.xcconfig; name = Pods.release.xcconfig; path = "Pods/Target Support Files/Pods/Pods.release.xcconfig"; sourceTree = "<group>"; };
/* End PBXFileReference section */

/* Begin PBXFrameworksBuildPhase section */
		0124D3A0196F67CF00A8D731 /* Frameworks */ = {
			isa = PBXFrameworksBuildPhase;
			buildActionMask = 2147483647;
			files = (
				013A356F1AE3F3D4003EDAAB /* ShinobiCharts.framework in Frameworks */,
				01DA3F1A19768717006ADFB7 /* Security.framework in Frameworks */,
				01DA3F151975DA6B006ADFB7 /* libstdc++.dylib in Frameworks */,
				01DA3F131975DA5B006ADFB7 /* CoreText.framework in Frameworks */,
				01DA3F111975DA49006ADFB7 /* OpenGLES.framework in Frameworks */,
				01DA3F0F1975DA3C006ADFB7 /* QuartzCore.framework in Frameworks */,
				0124D3A9196F67CF00A8D731 /* CoreGraphics.framework in Frameworks */,
				0124D3AB196F67CF00A8D731 /* UIKit.framework in Frameworks */,
				0124D3A7196F67CF00A8D731 /* Foundation.framework in Frameworks */,
				A19A0F5EC0AD4002B06DE4A3 /* libPods.a in Frameworks */,
			);
			runOnlyForDeploymentPostprocessing = 0;
		};
		0124D3C1196F67CF00A8D731 /* Frameworks */ = {
			isa = PBXFrameworksBuildPhase;
			buildActionMask = 2147483647;
			files = (
				0124D3C6196F67CF00A8D731 /* XCTest.framework in Frameworks */,
				0124D3C8196F67CF00A8D731 /* UIKit.framework in Frameworks */,
				0124D3C7196F67CF00A8D731 /* Foundation.framework in Frameworks */,
			);
			runOnlyForDeploymentPostprocessing = 0;
		};
/* End PBXFrameworksBuildPhase section */

/* Begin PBXGroup section */
		0124D39A196F67CF00A8D731 = {
			isa = PBXGroup;
			children = (
				0124D3AC196F67CF00A8D731 /* TRIOS-MOBILE-DEMO-2 */,
				0124D3CB196F67CF00A8D731 /* TRIOS-MOBILE-DEMO-2Tests */,
				0124D3A5196F67CF00A8D731 /* Frameworks */,
				0124D3A4196F67CF00A8D731 /* Products */,
				3ACE1B7CC54277957697DF16 /* Pods */,
			);
			sourceTree = "<group>";
		};
		0124D3A4196F67CF00A8D731 /* Products */ = {
			isa = PBXGroup;
			children = (
				0124D3A3196F67CF00A8D731 /* TRIOS-MOBILE-DEMO-2.app */,
				0124D3C4196F67CF00A8D731 /* TRIOS-MOBILE-DEMO-2Tests.xctest */,
			);
			name = Products;
			sourceTree = "<group>";
		};
		0124D3A5196F67CF00A8D731 /* Frameworks */ = {
			isa = PBXGroup;
			children = (
				013A356E1AE3F3D4003EDAAB /* ShinobiCharts.framework */,
				01DA3F1919768717006ADFB7 /* Security.framework */,
				01DA3F141975DA6B006ADFB7 /* libstdc++.dylib */,
				01DA3F121975DA5B006ADFB7 /* CoreText.framework */,
				01DA3F101975DA49006ADFB7 /* OpenGLES.framework */,
				01DA3F0E1975DA3C006ADFB7 /* QuartzCore.framework */,
				01DA3F0C1975DA30006ADFB7 /* ShinobiCharts.framework */,
				0124D3A6196F67CF00A8D731 /* Foundation.framework */,
				0124D3A8196F67CF00A8D731 /* CoreGraphics.framework */,
				0124D3AA196F67CF00A8D731 /* UIKit.framework */,
				0124D3C5196F67CF00A8D731 /* XCTest.framework */,
				31E846662B5944999CBF1AE3 /* libPods.a */,
			);
			name = Frameworks;
			sourceTree = "<group>";
		};
		0124D3AC196F67CF00A8D731 /* TRIOS-MOBILE-DEMO-2 */ = {
			isa = PBXGroup;
			children = (
				73A9ED79197C0935009FB575 /* ProgressHUD */,
				7302F38219717F8400D90E11 /* Mercury */,
				0124D3E1196F6F3200A8D731 /* Resources */,
				0124D3B8196F67CF00A8D731 /* Main.storyboard */,
				0124D3B5196F67CF00A8D731 /* AppDelegate.h */,
				0124D3B6196F67CF00A8D731 /* AppDelegate.m */,
				01DA3F161975DD6A006ADFB7 /* DataViewController.h */,
				01DA3F171975DD6A006ADFB7 /* DataViewController.m */,
				0170FB1F1971A0210077F2A7 /* SignalChoiceViewController.h */,
				0170FB201971A0210077F2A7 /* SignalChoiceViewController.m */,
				7302F3891971976300D90E11 /* SignalViewController.h */,
				7302F38A1971976300D90E11 /* SignalViewController.m */,
				01797E49196FF1E4009331BC /* ConnectPopoverViewController.h */,
				01797E4A196FF1E4009331BC /* ConnectPopoverViewController.m */,
				0124D3DE196F6D4F00A8D731 /* TriosCollectionViewController.h */,
				0124D3DF196F6D4F00A8D731 /* TriosCollectionViewController.m */,
				0124D3DB196F6CA700A8D731 /* TriosInstrumentCell.h */,
				0124D3DC196F6CA700A8D731 /* TriosInstrumentCell.m */,
				0124D406196F7DC700A8D731 /* MainMenuViewController.h */,
				0124D407196F7DC700A8D731 /* MainMenuViewController.m */,
				0124D418196F8C1C00A8D731 /* MethodsViewController.h */,
				0124D419196F8C1C00A8D731 /* MethodsViewController.m */,
				0124D3BE196F67CF00A8D731 /* Images.xcassets */,
				0124D3AD196F67CF00A8D731 /* Supporting Files */,
			);
			path = "TRIOS-MOBILE-DEMO-2";
			sourceTree = "<group>";
		};
		0124D3AD196F67CF00A8D731 /* Supporting Files */ = {
			isa = PBXGroup;
			children = (
				0124D3AE196F67CF00A8D731 /* TRIOS-MOBILE-DEMO-2-Info.plist */,
				0124D3AF196F67CF00A8D731 /* InfoPlist.strings */,
				0124D3B2196F67CF00A8D731 /* main.m */,
				0124D3B4196F67CF00A8D731 /* TRIOS-MOBILE-DEMO-2-Prefix.pch */,
			);
			name = "Supporting Files";
			sourceTree = "<group>";
		};
		0124D3CB196F67CF00A8D731 /* TRIOS-MOBILE-DEMO-2Tests */ = {
			isa = PBXGroup;
			children = (
				0124D3D1196F67CF00A8D731 /* TRIOS_MOBILE_DEMO_2Tests.m */,
				0124D3CC196F67CF00A8D731 /* Supporting Files */,
			);
			path = "TRIOS-MOBILE-DEMO-2Tests";
			sourceTree = "<group>";
		};
		0124D3CC196F67CF00A8D731 /* Supporting Files */ = {
			isa = PBXGroup;
			children = (
				0124D3CD196F67CF00A8D731 /* TRIOS-MOBILE-DEMO-2Tests-Info.plist */,
				0124D3CE196F67CF00A8D731 /* InfoPlist.strings */,
			);
			name = "Supporting Files";
			sourceTree = "<group>";
		};
		0124D3E1196F6F3200A8D731 /* Resources */ = {
			isa = PBXGroup;
			children = (
				0124D40B196F7E2E00A8D731 /* Instruments */,
				0124D409196F7E0C00A8D731 /* Buttons */,
			);
			name = Resources;
			sourceTree = "<group>";
		};
		0124D409196F7E0C00A8D731 /* Buttons */ = {
			isa = PBXGroup;
			children = (
				0192DA961970CABC00A073F0 /* settings.png */,
				0192DA941970CA8000A073F0 /* info.png */,
				0192DA921970CA6200A073F0 /* as.png */,
				0192DA901970CA3D00A073F0 /* utilities.png */,
				0192DA8E1970CA0700A073F0 /* signals.png */,
				0192DA8A1970C99100A073F0 /* home.png */,
			);
			name = Buttons;
			sourceTree = "<group>";
		};
		0124D40B196F7E2E00A8D731 /* Instruments */ = {
			isa = PBXGroup;
			children = (
				0124D3E2196F707C00A8D731 /* ar.png */,
				0124D3E3196F707C00A8D731 /* AR1500ex.png */,
				0124D3E4196F707C00A8D731 /* ar2000.png */,
				0124D3E5196F707C00A8D731 /* ares.png */,
				0124D3E6196F707C00A8D731 /* ARESG2.PNG */,
				0124D3E7196F707C00A8D731 /* ARESG21.PNG */,
				0124D3E8196F707C00A8D731 /* arg2.gif */,
				0124D3E9196F707C00A8D731 /* BricoPack Wallpaper.bmp */,
				0124D3EA196F707C00A8D731 /* dhr.png */,
				0124D3EB196F707C00A8D731 /* disc_dsc.png */,
				0124D3EC196F707C00A8D731 /* Glass (g).png */,
				0124D3ED196F707C00A8D731 /* Glass (i).png */,
				0124D3EE196F707C00A8D731 /* Glass (r).PNG */,
				0124D3EF196F707C00A8D731 /* Glass (s).png */,
				0124D3F0196F707C00A8D731 /* GlassUsed.PNG */,
				0124D3F1196F707C00A8D731 /* MERCURYDSC.png */,
				0124D3F2196F707C00A8D731 /* NGTGA.png */,
				0124D3F3196F707C00A8D731 /* rsa.png */,
			);
			name = Instruments;
			sourceTree = "<group>";
		};
		3ACE1B7CC54277957697DF16 /* Pods */ = {
			isa = PBXGroup;
			children = (
				6AF3903D23D515D1993FA065 /* Pods.debug.xcconfig */,
				BC2488A9E4A7A9D8D1A83E63 /* Pods.release.xcconfig */,
			);
			name = Pods;
			sourceTree = "<group>";
		};
		7302F38219717F8400D90E11 /* Mercury */ = {
			isa = PBXGroup;
			children = (
				01DA3F1B19768848006ADFB7 /* MercuryStatus.h */,
				01DA3F1C19768848006ADFB7 /* MercuryStatus.m */,
				01DA3F1D19768848006ADFB7 /* MercuryFile.h */,
				01DA3F1E19768848006ADFB7 /* MercuryFile.m */,
				7302F38319717F9B00D90E11 /* MercuryInstrument.h */,
				7302F38419717F9B00D90E11 /* MercuryInstrument.m */,
				7302F3861971804A00D90E11 /* MercuryProcedure.h */,
				7302F3871971804A00D90E11 /* MercuryProcedure.m */,
			);
			name = Mercury;
			sourceTree = "<group>";
		};
		73A9ED79197C0935009FB575 /* ProgressHUD */ = {
			isa = PBXGroup;
			children = (
				73A9ED7A197C0935009FB575 /* ProgressHUD.bundle */,
				73A9ED7B197C0935009FB575 /* ProgressHUD.h */,
				73A9ED7C197C0935009FB575 /* ProgressHUD.m */,
			);
			path = ProgressHUD;
			sourceTree = "<group>";
		};
/* End PBXGroup section */

/* Begin PBXNativeTarget section */
		0124D3A2196F67CF00A8D731 /* TRIOS-MOBILE-DEMO-2 */ = {
			isa = PBXNativeTarget;
			buildConfigurationList = 0124D3D5196F67CF00A8D731 /* Build configuration list for PBXNativeTarget "TRIOS-MOBILE-DEMO-2" */;
			buildPhases = (
				756FB354196C49568E2DFC5A /* Check Pods Manifest.lock */,
				0124D39F196F67CF00A8D731 /* Sources */,
				0124D3A0196F67CF00A8D731 /* Frameworks */,
				0124D3A1196F67CF00A8D731 /* Resources */,
				FE3EA1B21BF24FE58A0153FD /* Copy Pods Resources */,
			);
			buildRules = (
			);
			dependencies = (
			);
			name = "TRIOS-MOBILE-DEMO-2";
			productName = "TRIOS-MOBILE-DEMO-2";
			productReference = 0124D3A3196F67CF00A8D731 /* TRIOS-MOBILE-DEMO-2.app */;
			productType = "com.apple.product-type.application";
		};
		0124D3C3196F67CF00A8D731 /* TRIOS-MOBILE-DEMO-2Tests */ = {
			isa = PBXNativeTarget;
			buildConfigurationList = 0124D3D8196F67CF00A8D731 /* Build configuration list for PBXNativeTarget "TRIOS-MOBILE-DEMO-2Tests" */;
			buildPhases = (
				0124D3C0196F67CF00A8D731 /* Sources */,
				0124D3C1196F67CF00A8D731 /* Frameworks */,
				0124D3C2196F67CF00A8D731 /* Resources */,
			);
			buildRules = (
			);
			dependencies = (
				0124D3CA196F67CF00A8D731 /* PBXTargetDependency */,
			);
			name = "TRIOS-MOBILE-DEMO-2Tests";
			productName = "TRIOS-MOBILE-DEMO-2Tests";
			productReference = 0124D3C4196F67CF00A8D731 /* TRIOS-MOBILE-DEMO-2Tests.xctest */;
			productType = "com.apple.product-type.bundle.unit-test";
		};
/* End PBXNativeTarget section */

/* Begin PBXProject section */
		0124D39B196F67CF00A8D731 /* Project object */ = {
			isa = PBXProject;
			attributes = {
				LastUpgradeCheck = 0510;
				ORGANIZATIONNAME = objectthink.com;
				TargetAttributes = {
					0124D3A2196F67CF00A8D731 = {
						DevelopmentTeam = 6AP8DGBG6H;
					};
					0124D3C3196F67CF00A8D731 = {
						TestTargetID = 0124D3A2196F67CF00A8D731;
					};
				};
			};
			buildConfigurationList = 0124D39E196F67CF00A8D731 /* Build configuration list for PBXProject "TRIOS-MOBILE-DEMO-2" */;
			compatibilityVersion = "Xcode 3.2";
			developmentRegion = English;
			hasScannedForEncodings = 0;
			knownRegions = (
				en,
				Base,
			);
			mainGroup = 0124D39A196F67CF00A8D731;
			productRefGroup = 0124D3A4196F67CF00A8D731 /* Products */;
			projectDirPath = "";
			projectRoot = "";
			targets = (
				0124D3A2196F67CF00A8D731 /* TRIOS-MOBILE-DEMO-2 */,
				0124D3C3196F67CF00A8D731 /* TRIOS-MOBILE-DEMO-2Tests */,
			);
		};
/* End PBXProject section */

/* Begin PBXResourcesBuildPhase section */
		0124D3A1196F67CF00A8D731 /* Resources */ = {
			isa = PBXResourcesBuildPhase;
			buildActionMask = 2147483647;
			files = (
				0124D405196F707C00A8D731 /* rsa.png in Resources */,
				0124D3FC196F707C00A8D731 /* dhr.png in Resources */,
				0192DA951970CA8000A073F0 /* info.png in Resources */,
				0124D402196F707C00A8D731 /* GlassUsed.PNG in Resources */,
				0124D3F4196F707C00A8D731 /* ar.png in Resources */,
				0124D3F8196F707C00A8D731 /* ARESG2.PNG in Resources */,
				0124D3FA196F707C00A8D731 /* arg2.gif in Resources */,
				0192DA8B1970C99100A073F0 /* home.png in Resources */,
				0124D3BF196F67CF00A8D731 /* Images.xcassets in Resources */,
				0192DA911970CA3D00A073F0 /* utilities.png in Resources */,
				0124D3F7196F707C00A8D731 /* ares.png in Resources */,
				0124D3F6196F707C00A8D731 /* ar2000.png in Resources */,
				0124D3B1196F67CF00A8D731 /* InfoPlist.strings in Resources */,
				0124D3FD196F707C00A8D731 /* disc_dsc.png in Resources */,
				0192DA931970CA6200A073F0 /* as.png in Resources */,
				0124D401196F707C00A8D731 /* Glass (s).png in Resources */,
				73A9ED7D197C0935009FB575 /* ProgressHUD.bundle in Resources */,
				0124D3F5196F707C00A8D731 /* AR1500ex.png in Resources */,
				0124D3FB196F707C00A8D731 /* BricoPack Wallpaper.bmp in Resources */,
				0124D404196F707C00A8D731 /* NGTGA.png in Resources */,
				0192DA971970CABC00A073F0 /* settings.png in Resources */,
				0124D3BA196F67CF00A8D731 /* Main.storyboard in Resources */,
				0124D403196F707C00A8D731 /* MERCURYDSC.png in Resources */,
				0124D3FE196F707C00A8D731 /* Glass (g).png in Resources */,
				0124D400196F707C00A8D731 /* Glass (r).PNG in Resources */,
				0124D3FF196F707C00A8D731 /* Glass (i).png in Resources */,
				0124D3F9196F707C00A8D731 /* ARESG21.PNG in Resources */,
				0192DA8F1970CA0700A073F0 /* signals.png in Resources */,
			);
			runOnlyForDeploymentPostprocessing = 0;
		};
		0124D3C2196F67CF00A8D731 /* Resources */ = {
			isa = PBXResourcesBuildPhase;
			buildActionMask = 2147483647;
			files = (
				0124D3D0196F67CF00A8D731 /* InfoPlist.strings in Resources */,
			);
			runOnlyForDeploymentPostprocessing = 0;
		};
/* End PBXResourcesBuildPhase section */

/* Begin PBXShellScriptBuildPhase section */
		756FB354196C49568E2DFC5A /* Check Pods Manifest.lock */ = {
			isa = PBXShellScriptBuildPhase;
			buildActionMask = 2147483647;
			files = (
			);
			inputPaths = (
			);
			name = "Check Pods Manifest.lock";
			outputPaths = (
			);
			runOnlyForDeploymentPostprocessing = 0;
			shellPath = /bin/sh;
			shellScript = "diff \"${PODS_ROOT}/../Podfile.lock\" \"${PODS_ROOT}/Manifest.lock\" > /dev/null\nif [[ $? != 0 ]] ; then\n    cat << EOM\nerror: The sandbox is not in sync with the Podfile.lock. Run 'pod install' or update your CocoaPods installation.\nEOM\n    exit 1\nfi\n";
			showEnvVarsInLog = 0;
		};
		FE3EA1B21BF24FE58A0153FD /* Copy Pods Resources */ = {
			isa = PBXShellScriptBuildPhase;
			buildActionMask = 2147483647;
			files = (
			);
			inputPaths = (
			);
			name = "Copy Pods Resources";
			outputPaths = (
			);
			runOnlyForDeploymentPostprocessing = 0;
			shellPath = /bin/sh;
			shellScript = "\"${SRCROOT}/Pods/Target Support Files/Pods/Pods-resources.sh\"\n";
			showEnvVarsInLog = 0;
		};
/* End PBXShellScriptBuildPhase section */

/* Begin PBXSourcesBuildPhase section */
		0124D39F196F67CF00A8D731 /* Sources */ = {
			isa = PBXSourcesBuildPhase;
			buildActionMask = 2147483647;
			files = (
				0170FB211971A0210077F2A7 /* SignalChoiceViewController.m in Sources */,
				7302F38B1971976300D90E11 /* SignalViewController.m in Sources */,
				0124D3B7196F67CF00A8D731 /* AppDelegate.m in Sources */,
				01DA3F2019768848006ADFB7 /* MercuryFile.m in Sources */,
				0124D3DD196F6CA700A8D731 /* TriosInstrumentCell.m in Sources */,
				01DA3F181975DD6A006ADFB7 /* DataViewController.m in Sources */,
				01DA3F1F19768848006ADFB7 /* MercuryStatus.m in Sources */,
				0124D3E0196F6D4F00A8D731 /* TriosCollectionViewController.m in Sources */,
				0124D41A196F8C1C00A8D731 /* MethodsViewController.m in Sources */,
				01797E4B196FF1E4009331BC /* ConnectPopoverViewController.m in Sources */,
				0124D3B3196F67CF00A8D731 /* main.m in Sources */,
				7302F38519717F9B00D90E11 /* MercuryInstrument.m in Sources */,
				73A9ED7E197C0935009FB575 /* ProgressHUD.m in Sources */,
				0124D408196F7DC700A8D731 /* MainMenuViewController.m in Sources */,
				7302F3881971804A00D90E11 /* MercuryProcedure.m in Sources */,
			);
			runOnlyForDeploymentPostprocessing = 0;
		};
		0124D3C0196F67CF00A8D731 /* Sources */ = {
			isa = PBXSourcesBuildPhase;
			buildActionMask = 2147483647;
			files = (
				0124D3D2196F67CF00A8D731 /* TRIOS_MOBILE_DEMO_2Tests.m in Sources */,
			);
			runOnlyForDeploymentPostprocessing = 0;
		};
/* End PBXSourcesBuildPhase section */

/* Begin PBXTargetDependency section */
		0124D3CA196F67CF00A8D731 /* PBXTargetDependency */ = {
			isa = PBXTargetDependency;
			target = 0124D3A2196F67CF00A8D731 /* TRIOS-MOBILE-DEMO-2 */;
			targetProxy = 0124D3C9196F67CF00A8D731 /* PBXContainerItemProxy */;
		};
/* End PBXTargetDependency section */

/* Begin PBXVariantGroup section */
		0124D3AF196F67CF00A8D731 /* InfoPlist.strings */ = {
			isa = PBXVariantGroup;
			children = (
				0124D3B0196F67CF00A8D731 /* en */,
			);
			name = InfoPlist.strings;
			sourceTree = "<group>";
		};
		0124D3B8196F67CF00A8D731 /* Main.storyboard */ = {
			isa = PBXVariantGroup;
			children = (
				0124D3B9196F67CF00A8D731 /* Base */,
			);
			name = Main.storyboard;
			sourceTree = "<group>";
		};
		0124D3CE196F67CF00A8D731 /* InfoPlist.strings */ = {
			isa = PBXVariantGroup;
			children = (
				0124D3CF196F67CF00A8D731 /* en */,
			);
			name = InfoPlist.strings;
			sourceTree = "<group>";
		};
/* End PBXVariantGroup section */

/* Begin XCBuildConfiguration section */
		0124D3D3196F67CF00A8D731 /* Debug */ = {
			isa = XCBuildConfiguration;
			buildSettings = {
				ALWAYS_SEARCH_USER_PATHS = NO;
				CLANG_CXX_LANGUAGE_STANDARD = "gnu++0x";
				CLANG_CXX_LIBRARY = "libc++";
				CLANG_ENABLE_MODULES = YES;
				CLANG_ENABLE_OBJC_ARC = YES;
				CLANG_WARN_BOOL_CONVERSION = YES;
				CLANG_WARN_CONSTANT_CONVERSION = YES;
				CLANG_WARN_DIRECT_OBJC_ISA_USAGE = YES_ERROR;
				CLANG_WARN_EMPTY_BODY = YES;
				CLANG_WARN_ENUM_CONVERSION = YES;
				CLANG_WARN_INT_CONVERSION = YES;
				CLANG_WARN_OBJC_ROOT_CLASS = YES_ERROR;
				CLANG_WARN__DUPLICATE_METHOD_MATCH = YES;
				"CODE_SIGN_IDENTITY[sdk=iphoneos*]" = "iPhone Developer";
				COPY_PHASE_STRIP = NO;
				GCC_C_LANGUAGE_STANDARD = gnu99;
				GCC_DYNAMIC_NO_PIC = NO;
				GCC_OPTIMIZATION_LEVEL = 0;
				GCC_PREPROCESSOR_DEFINITIONS = (
					"DEBUG=1",
					"$(inherited)",
				);
				GCC_SYMBOLS_PRIVATE_EXTERN = NO;
				GCC_WARN_64_TO_32_BIT_CONVERSION = YES;
				GCC_WARN_ABOUT_RETURN_TYPE = YES_ERROR;
				GCC_WARN_UNDECLARED_SELECTOR = YES;
				GCC_WARN_UNINITIALIZED_AUTOS = YES_AGGRESSIVE;
				GCC_WARN_UNUSED_FUNCTION = YES;
				GCC_WARN_UNUSED_VARIABLE = YES;
				IPHONEOS_DEPLOYMENT_TARGET = 7.1;
				ONLY_ACTIVE_ARCH = YES;
				SDKROOT = iphoneos;
				TARGETED_DEVICE_FAMILY = 2;
			};
			name = Debug;
		};
		0124D3D4196F67CF00A8D731 /* Release */ = {
			isa = XCBuildConfiguration;
			buildSettings = {
				ALWAYS_SEARCH_USER_PATHS = NO;
				CLANG_CXX_LANGUAGE_STANDARD = "gnu++0x";
				CLANG_CXX_LIBRARY = "libc++";
				CLANG_ENABLE_MODULES = YES;
				CLANG_ENABLE_OBJC_ARC = YES;
				CLANG_WARN_BOOL_CONVERSION = YES;
				CLANG_WARN_CONSTANT_CONVERSION = YES;
				CLANG_WARN_DIRECT_OBJC_ISA_USAGE = YES_ERROR;
				CLANG_WARN_EMPTY_BODY = YES;
				CLANG_WARN_ENUM_CONVERSION = YES;
				CLANG_WARN_INT_CONVERSION = YES;
				CLANG_WARN_OBJC_ROOT_CLASS = YES_ERROR;
				CLANG_WARN__DUPLICATE_METHOD_MATCH = YES;
				"CODE_SIGN_IDENTITY[sdk=iphoneos*]" = "iPhone Developer";
				COPY_PHASE_STRIP = YES;
				ENABLE_NS_ASSERTIONS = NO;
				GCC_C_LANGUAGE_STANDARD = gnu99;
				GCC_WARN_64_TO_32_BIT_CONVERSION = YES;
				GCC_WARN_ABOUT_RETURN_TYPE = YES_ERROR;
				GCC_WARN_UNDECLARED_SELECTOR = YES;
				GCC_WARN_UNINITIALIZED_AUTOS = YES_AGGRESSIVE;
				GCC_WARN_UNUSED_FUNCTION = YES;
				GCC_WARN_UNUSED_VARIABLE = YES;
				IPHONEOS_DEPLOYMENT_TARGET = 7.1;
				SDKROOT = iphoneos;
				TARGETED_DEVICE_FAMILY = 2;
				VALIDATE_PRODUCT = YES;
			};
			name = Release;
		};
		0124D3D6196F67CF00A8D731 /* Debug */ = {
			isa = XCBuildConfiguration;
			baseConfigurationReference = 6AF3903D23D515D1993FA065 /* Pods.debug.xcconfig */;
			buildSettings = {
				ASSETCATALOG_COMPILER_APPICON_NAME = AppIcon;
				ASSETCATALOG_COMPILER_LAUNCHIMAGE_NAME = LaunchImage;
				CODE_SIGN_IDENTITY = "iPhone Developer";
				"CODE_SIGN_IDENTITY[sdk=iphoneos*]" = "iPhone Developer";
				FRAMEWORK_SEARCH_PATHS = (
					"$(inherited)",
					"$(DEVELOPER_FRAMEWORKS_DIR)",
					/Users/seshelman/Desktop/desktop/ShinobiCharts,
				);
				GCC_PRECOMPILE_PREFIX_HEADER = YES;
				GCC_PREFIX_HEADER = "TRIOS-MOBILE-DEMO-2/TRIOS-MOBILE-DEMO-2-Prefix.pch";
				INFOPLIST_FILE = "TRIOS-MOBILE-DEMO-2/TRIOS-MOBILE-DEMO-2-Info.plist";
				IPHONEOS_DEPLOYMENT_TARGET = 8.1;
				PRODUCT_NAME = "$(TARGET_NAME)";
				PROVISIONING_PROFILE = "";
				TARGETED_DEVICE_FAMILY = "1,2";
				WRAPPER_EXTENSION = app;
			};
			name = Debug;
		};
		0124D3D7196F67CF00A8D731 /* Release */ = {
			isa = XCBuildConfiguration;
			baseConfigurationReference = BC2488A9E4A7A9D8D1A83E63 /* Pods.release.xcconfig */;
			buildSettings = {
				ASSETCATALOG_COMPILER_APPICON_NAME = AppIcon;
				ASSETCATALOG_COMPILER_LAUNCHIMAGE_NAME = LaunchImage;
				CODE_SIGN_IDENTITY = "iPhone Developer";
				"CODE_SIGN_IDENTITY[sdk=iphoneos*]" = "iPhone Developer";
				FRAMEWORK_SEARCH_PATHS = (
					"$(inherited)",
					"$(DEVELOPER_FRAMEWORKS_DIR)",
					/Users/seshelman/Desktop/desktop/ShinobiCharts,
				);
				GCC_PRECOMPILE_PREFIX_HEADER = YES;
				GCC_PREFIX_HEADER = "TRIOS-MOBILE-DEMO-2/TRIOS-MOBILE-DEMO-2-Prefix.pch";
				INFOPLIST_FILE = "TRIOS-MOBILE-DEMO-2/TRIOS-MOBILE-DEMO-2-Info.plist";
				IPHONEOS_DEPLOYMENT_TARGET = 8.1;
				PRODUCT_NAME = "$(TARGET_NAME)";
				PROVISIONING_PROFILE = "";
				TARGETED_DEVICE_FAMILY = "1,2";
				WRAPPER_EXTENSION = app;
			};
			name = Release;
		};
		0124D3D9196F67CF00A8D731 /* Debug */ = {
			isa = XCBuildConfiguration;
			buildSettings = {
				BUNDLE_LOADER = "$(BUILT_PRODUCTS_DIR)/TRIOS-MOBILE-DEMO-2.app/TRIOS-MOBILE-DEMO-2";
				FRAMEWORK_SEARCH_PATHS = (
					"$(SDKROOT)/Developer/Library/Frameworks",
					"$(inherited)",
					"$(DEVELOPER_FRAMEWORKS_DIR)",
				);
				GCC_PRECOMPILE_PREFIX_HEADER = YES;
				GCC_PREFIX_HEADER = "TRIOS-MOBILE-DEMO-2/TRIOS-MOBILE-DEMO-2-Prefix.pch";
				GCC_PREPROCESSOR_DEFINITIONS = (
					"DEBUG=1",
					"$(inherited)",
				);
				INFOPLIST_FILE = "TRIOS-MOBILE-DEMO-2Tests/TRIOS-MOBILE-DEMO-2Tests-Info.plist";
				PRODUCT_NAME = "$(TARGET_NAME)";
				TEST_HOST = "$(BUNDLE_LOADER)";
				WRAPPER_EXTENSION = xctest;
			};
			name = Debug;
		};
		0124D3DA196F67CF00A8D731 /* Release */ = {
			isa = XCBuildConfiguration;
			buildSettings = {
				BUNDLE_LOADER = "$(BUILT_PRODUCTS_DIR)/TRIOS-MOBILE-DEMO-2.app/TRIOS-MOBILE-DEMO-2";
				FRAMEWORK_SEARCH_PATHS = (
					"$(SDKROOT)/Developer/Library/Frameworks",
					"$(inherited)",
					"$(DEVELOPER_FRAMEWORKS_DIR)",
				);
				GCC_PRECOMPILE_PREFIX_HEADER = YES;
				GCC_PREFIX_HEADER = "TRIOS-MOBILE-DEMO-2/TRIOS-MOBILE-DEMO-2-Prefix.pch";
				INFOPLIST_FILE = "TRIOS-MOBILE-DEMO-2Tests/TRIOS-MOBILE-DEMO-2Tests-Info.plist";
				PRODUCT_NAME = "$(TARGET_NAME)";
				TEST_HOST = "$(BUNDLE_LOADER)";
				WRAPPER_EXTENSION = xctest;
			};
			name = Release;
		};
/* End XCBuildConfiguration section */

/* Begin XCConfigurationList section */
		0124D39E196F67CF00A8D731 /* Build configuration list for PBXProject "TRIOS-MOBILE-DEMO-2" */ = {
			isa = XCConfigurationList;
			buildConfigurations = (
				0124D3D3196F67CF00A8D731 /* Debug */,
				0124D3D4196F67CF00A8D731 /* Release */,
			);
			defaultConfigurationIsVisible = 0;
			defaultConfigurationName = Release;
		};
		0124D3D5196F67CF00A8D731 /* Build configuration list for PBXNativeTarget "TRIOS-MOBILE-DEMO-2" */ = {
			isa = XCConfigurationList;
			buildConfigurations = (
				0124D3D6196F67CF00A8D731 /* Debug */,
				0124D3D7196F67CF00A8D731 /* Release */,
			);
			defaultConfigurationIsVisible = 0;
			defaultConfigurationName = Release;
		};
		0124D3D8196F67CF00A8D731 /* Build configuration list for PBXNativeTarget "TRIOS-MOBILE-DEMO-2Tests" */ = {
			isa = XCConfigurationList;
			buildConfigurations = (
				0124D3D9196F67CF00A8D731 /* Debug */,
				0124D3DA196F67CF00A8D731 /* Release */,
			);
			defaultConfigurationIsVisible = 0;
			defaultConfigurationName = Release;
		};
/* End XCConfigurationList section */
	};
	rootObject = 0124D39B196F67CF00A8D731 /* Project object */;
}
